
Microsoft Visual Studio Solution File, Format Version 12.00
# Visual Studio Version 17
VisualStudioVersion = 17.14.36414.22 d17.14
MinimumVisualStudioVersion = 10.0.40219.1
Project("{FAE04EC0-301F-11D3-BF4B-00C04F79EFBC}") = "sorozatok", "sorozatok\sorozatok.csproj", "{9F683EE7-BB84-40F4-8148-079909745A22}"
EndProject
Global
	GlobalSection(SolutionConfigurationPlatforms) = preSolution
		Debug|Any CPU = Debug|Any CPU
		Release|Any CPU = Release|Any CPU
	EndGlobalSection
	GlobalSection(ProjectConfigurationPlatforms) = postSolution
		{9F683EE7-BB84-40F4-8148-079909745A22}.Debug|Any CPU.ActiveCfg = Debug|Any CPU
		{9F683EE7-BB84-40F4-8148-079909745A22}.Debug|Any CPU.Build.0 = Debug|Any CPU
		{9F683EE7-BB84-40F4-8148-079909745A22}.Release|Any CPU.ActiveCfg = Release|Any CPU
		{9F683EE7-BB84-40F4-8148-079909745A22}.Release|Any CPU.Build.0 = Release|Any CPU
	EndGlobalSection
	GlobalSection(SolutionProperties) = preSolution
		HideSolutionNode = FALSE
	EndGlobalSection
	GlobalSection(ExtensibilityGlobals) = postSolution
		SolutionGuid = {1EF8382B-72ED-4A72-B46D-29E3EAE77686}
	EndGlobalSection
EndGlobal
