
Microsoft Visual Studio Solution File, Format Version 12.00
# Visual Studio Version 17
VisualStudioVersion = 17.14.36414.22 d17.14
MinimumVisualStudioVersion = 10.0.40219.1
Project("{FAE04EC0-301F-11D3-BF4B-00C04F79EFBC}") = "szalag", "szalag\szalag.csproj", "{9CFD5DF4-6679-463E-A3E5-287495C8CA9C}"
EndProject
Global
	GlobalSection(SolutionConfigurationPlatforms) = preSolution
		Debug|Any CPU = Debug|Any CPU
		Release|Any CPU = Release|Any CPU
	EndGlobalSection
	GlobalSection(ProjectConfigurationPlatforms) = postSolution
		{9CFD5DF4-6679-463E-A3E5-287495C8CA9C}.Debug|Any CPU.ActiveCfg = Debug|Any CPU
		{9CFD5DF4-6679-463E-A3E5-287495C8CA9C}.Debug|Any CPU.Build.0 = Debug|Any CPU
		{9CFD5DF4-6679-463E-A3E5-287495C8CA9C}.Release|Any CPU.ActiveCfg = Release|Any CPU
		{9CFD5DF4-6679-463E-A3E5-287495C8CA9C}.Release|Any CPU.Build.0 = Release|Any CPU
	EndGlobalSection
	GlobalSection(SolutionProperties) = preSolution
		HideSolutionNode = FALSE
	EndGlobalSection
	GlobalSection(ExtensibilityGlobals) = postSolution
		SolutionGuid = {F2E51E1D-4D53-4336-A1E3-E33AF6106188}
	EndGlobalSection
EndGlobal
